
Microsoft Visual Studio Solution File, Format Version 12.00
# Visual Studio Version 17
VisualStudioVersion = 17.2.32210.308
MinimumVisualStudioVersion = 10.0.40219.1
Project("{9A19103F-16F7-4668-BE54-9A1E7A4F7556}") = "AdventOfCode2022.Day01", "AdventOfCode2022.Day01\AdventOfCode2022.Day01.csproj", "{0B7316FF-0CA0-4EC4-BA40-A4CECDCD6FCF}"
EndProject
Project("{9A19103F-16F7-4668-BE54-9A1E7A4F7556}") = "AdventOfCode2022.Day01.Tests", "AdventOfCode2022.Day01.Tests\AdventOfCode2022.Day01.Tests.csproj", "{9BC88FDF-B9F2-45C1-8D6E-9D045333F3C9}"
EndProject
Project("{FAE04EC0-301F-11D3-BF4B-00C04F79EFBC}") = "AdventOfCode2022.Day02", "AdventOfCode2022.Day02\AdventOfCode2022.Day02.csproj", "{05246FB6-5A47-49CC-B9DF-AD82D1F918A1}"
EndProject
Project("{FAE04EC0-301F-11D3-BF4B-00C04F79EFBC}") = "AdventOfCode2022.Day02.Tests", "AdventOfCode2022.Day02.Tests\AdventOfCode2022.Day02.Tests.csproj", "{F40A93EA-CF7E-4264-8226-3F7E7C937CCF}"
EndProject
Global
	GlobalSection(SolutionConfigurationPlatforms) = preSolution
		Debug|Any CPU = Debug|Any CPU
		Release|Any CPU = Release|Any CPU
	EndGlobalSection
	GlobalSection(ProjectConfigurationPlatforms) = postSolution
		{0B7316FF-0CA0-4EC4-BA40-A4CECDCD6FCF}.Debug|Any CPU.ActiveCfg = Debug|Any CPU
		{0B7316FF-0CA0-4EC4-BA40-A4CECDCD6FCF}.Debug|Any CPU.Build.0 = Debug|Any CPU
		{0B7316FF-0CA0-4EC4-BA40-A4CECDCD6FCF}.Release|Any CPU.ActiveCfg = Release|Any CPU
		{0B7316FF-0CA0-4EC4-BA40-A4CECDCD6FCF}.Release|Any CPU.Build.0 = Release|Any CPU
		{9BC88FDF-B9F2-45C1-8D6E-9D045333F3C9}.Debug|Any CPU.ActiveCfg = Debug|Any CPU
		{9BC88FDF-B9F2-45C1-8D6E-9D045333F3C9}.Debug|Any CPU.Build.0 = Debug|Any CPU
		{9BC88FDF-B9F2-45C1-8D6E-9D045333F3C9}.Release|Any CPU.ActiveCfg = Release|Any CPU
		{9BC88FDF-B9F2-45C1-8D6E-9D045333F3C9}.Release|Any CPU.Build.0 = Release|Any CPU
		{05246FB6-5A47-49CC-B9DF-AD82D1F918A1}.Debug|Any CPU.ActiveCfg = Debug|Any CPU
		{05246FB6-5A47-49CC-B9DF-AD82D1F918A1}.Debug|Any CPU.Build.0 = Debug|Any CPU
		{05246FB6-5A47-49CC-B9DF-AD82D1F918A1}.Release|Any CPU.ActiveCfg = Release|Any CPU
		{05246FB6-5A47-49CC-B9DF-AD82D1F918A1}.Release|Any CPU.Build.0 = Release|Any CPU
		{F40A93EA-CF7E-4264-8226-3F7E7C937CCF}.Debug|Any CPU.ActiveCfg = Debug|Any CPU
		{F40A93EA-CF7E-4264-8226-3F7E7C937CCF}.Debug|Any CPU.Build.0 = Debug|Any CPU
		{F40A93EA-CF7E-4264-8226-3F7E7C937CCF}.Release|Any CPU.ActiveCfg = Release|Any CPU
		{F40A93EA-CF7E-4264-8226-3F7E7C937CCF}.Release|Any CPU.Build.0 = Release|Any CPU
	EndGlobalSection
	GlobalSection(SolutionProperties) = preSolution
		HideSolutionNode = FALSE
	EndGlobalSection
	GlobalSection(ExtensibilityGlobals) = postSolution
		SolutionGuid = {16BEB60F-D0E2-4EEB-9EAD-8C0391A42F61}
	EndGlobalSection
EndGlobal
