
Microsoft Visual Studio Solution File, Format Version 12.00
# Visual Studio Version 17
VisualStudioVersion = 17.2.32210.308
MinimumVisualStudioVersion = 10.0.40219.1
Project("{FAE04EC0-301F-11D3-BF4B-00C04F79EFBC}") = "MathUtilities.Logic", "MathUtilities.Logic\MathUtilities.Logic.csproj", "{34D2D6DC-44F1-480E-8291-FD4C903BE8C6}"
EndProject
Project("{FAE04EC0-301F-11D3-BF4B-00C04F79EFBC}") = "MathUtilities.Tests", "MathUtilities.Tests\MathUtilities.Tests.csproj", "{6F10CDB0-FF7F-450E-99F5-35645A602085}"
EndProject
Global
	GlobalSection(SolutionConfigurationPlatforms) = preSolution
		Debug|Any CPU = Debug|Any CPU
		Release|Any CPU = Release|Any CPU
	EndGlobalSection
	GlobalSection(ProjectConfigurationPlatforms) = postSolution
		{34D2D6DC-44F1-480E-8291-FD4C903BE8C6}.Debug|Any CPU.ActiveCfg = Debug|Any CPU
		{34D2D6DC-44F1-480E-8291-FD4C903BE8C6}.Debug|Any CPU.Build.0 = Debug|Any CPU
		{34D2D6DC-44F1-480E-8291-FD4C903BE8C6}.Release|Any CPU.ActiveCfg = Release|Any CPU
		{34D2D6DC-44F1-480E-8291-FD4C903BE8C6}.Release|Any CPU.Build.0 = Release|Any CPU
		{6F10CDB0-FF7F-450E-99F5-35645A602085}.Debug|Any CPU.ActiveCfg = Debug|Any CPU
		{6F10CDB0-FF7F-450E-99F5-35645A602085}.Debug|Any CPU.Build.0 = Debug|Any CPU
		{6F10CDB0-FF7F-450E-99F5-35645A602085}.Release|Any CPU.ActiveCfg = Release|Any CPU
		{6F10CDB0-FF7F-450E-99F5-35645A602085}.Release|Any CPU.Build.0 = Release|Any CPU
	EndGlobalSection
	GlobalSection(SolutionProperties) = preSolution
		HideSolutionNode = FALSE
	EndGlobalSection
	GlobalSection(ExtensibilityGlobals) = postSolution
		SolutionGuid = {CFBE595A-2C26-40B1-A7B8-BFEC70CA5183}
	EndGlobalSection
EndGlobal
